
Microsoft Visual Studio Solution File, Format Version 12.00
# Visual Studio 15
VisualStudioVersion = 15.0.26228.4
MinimumVisualStudioVersion = 10.0.40219.1
Project("{FAE04EC0-301F-11D3-BF4B-00C04F79EFBC}") = "QX_Frame.Web", "QX_Frame.Web\QX_Frame.Web.csproj", "{973C2F10-28ED-47EA-8938-583813A754BC}"
EndProject
Project("{FAE04EC0-301F-11D3-BF4B-00C04F79EFBC}") = "QX_Frame.Data", "QX_Frame.Data\QX_Frame.Data.csproj", "{38486536-3824-4E1B-8106-3159B31CACA7}"
EndProject
Project("{FAE04EC0-301F-11D3-BF4B-00C04F79EFBC}") = "QX_Frame.Data.Contract", "QX_Frame.Data.Contract\QX_Frame.Data.Contract.csproj", "{B188B868-35C0-4C20-ACDD-F6140AFBADDA}"
EndProject
Project("{FAE04EC0-301F-11D3-BF4B-00C04F79EFBC}") = "QX_Frame.Data.Service", "QX_Frame.Data.Service\QX_Frame.Data.Service.csproj", "{80378A61-FD07-4AF0-B09C-8F39BE12CA61}"
EndProject
Project("{FAE04EC0-301F-11D3-BF4B-00C04F79EFBC}") = "QX_Frame.WebAPI.Test", "QX_Frame.WebAPI.Test\QX_Frame.WebAPI.Test.csproj", "{B4680C40-20EF-47F4-9971-CEF6560FC6B7}"
EndProject
Project("{FAE04EC0-301F-11D3-BF4B-00C04F79EFBC}") = "QX_Frame.ConsoleApp", "QX_Frame.ConsoleApp\QX_Frame.ConsoleApp.csproj", "{692DB482-EB2E-4F3E-B4B0-13A6DEE25A6A}"
EndProject
Project("{FAE04EC0-301F-11D3-BF4B-00C04F79EFBC}") = "QX_Frame.WebAPI", "QX_Frame.WebAPI\QX_Frame.WebAPI.csproj", "{7436894E-9F27-4A67-9AB5-51A4E8F7F60E}"
EndProject
Project("{FAE04EC0-301F-11D3-BF4B-00C04F79EFBC}") = "QX_Frame.Web.Srv", "QX_Frame.Web.Srv\QX_Frame.Web.Srv.csproj", "{B1791C9D-D9D9-4E44-B228-4325FBE8C931}"
EndProject
Global
	GlobalSection(SolutionConfigurationPlatforms) = preSolution
		Debug|Any CPU = Debug|Any CPU
		Release|Any CPU = Release|Any CPU
	EndGlobalSection
	GlobalSection(ProjectConfigurationPlatforms) = postSolution
		{973C2F10-28ED-47EA-8938-583813A754BC}.Debug|Any CPU.ActiveCfg = Debug|Any CPU
		{973C2F10-28ED-47EA-8938-583813A754BC}.Debug|Any CPU.Build.0 = Debug|Any CPU
		{973C2F10-28ED-47EA-8938-583813A754BC}.Release|Any CPU.ActiveCfg = Release|Any CPU
		{973C2F10-28ED-47EA-8938-583813A754BC}.Release|Any CPU.Build.0 = Release|Any CPU
		{38486536-3824-4E1B-8106-3159B31CACA7}.Debug|Any CPU.ActiveCfg = Debug|Any CPU
		{38486536-3824-4E1B-8106-3159B31CACA7}.Debug|Any CPU.Build.0 = Debug|Any CPU
		{38486536-3824-4E1B-8106-3159B31CACA7}.Release|Any CPU.ActiveCfg = Release|Any CPU
		{38486536-3824-4E1B-8106-3159B31CACA7}.Release|Any CPU.Build.0 = Release|Any CPU
		{B188B868-35C0-4C20-ACDD-F6140AFBADDA}.Debug|Any CPU.ActiveCfg = Debug|Any CPU
		{B188B868-35C0-4C20-ACDD-F6140AFBADDA}.Debug|Any CPU.Build.0 = Debug|Any CPU
		{B188B868-35C0-4C20-ACDD-F6140AFBADDA}.Release|Any CPU.ActiveCfg = Release|Any CPU
		{B188B868-35C0-4C20-ACDD-F6140AFBADDA}.Release|Any CPU.Build.0 = Release|Any CPU
		{80378A61-FD07-4AF0-B09C-8F39BE12CA61}.Debug|Any CPU.ActiveCfg = Debug|Any CPU
		{80378A61-FD07-4AF0-B09C-8F39BE12CA61}.Debug|Any CPU.Build.0 = Debug|Any CPU
		{80378A61-FD07-4AF0-B09C-8F39BE12CA61}.Release|Any CPU.ActiveCfg = Release|Any CPU
		{80378A61-FD07-4AF0-B09C-8F39BE12CA61}.Release|Any CPU.Build.0 = Release|Any CPU
		{B4680C40-20EF-47F4-9971-CEF6560FC6B7}.Debug|Any CPU.ActiveCfg = Debug|Any CPU
		{B4680C40-20EF-47F4-9971-CEF6560FC6B7}.Debug|Any CPU.Build.0 = Debug|Any CPU
		{B4680C40-20EF-47F4-9971-CEF6560FC6B7}.Release|Any CPU.ActiveCfg = Release|Any CPU
		{B4680C40-20EF-47F4-9971-CEF6560FC6B7}.Release|Any CPU.Build.0 = Release|Any CPU
		{692DB482-EB2E-4F3E-B4B0-13A6DEE25A6A}.Debug|Any CPU.ActiveCfg = Debug|Any CPU
		{692DB482-EB2E-4F3E-B4B0-13A6DEE25A6A}.Debug|Any CPU.Build.0 = Debug|Any CPU
		{692DB482-EB2E-4F3E-B4B0-13A6DEE25A6A}.Release|Any CPU.ActiveCfg = Release|Any CPU
		{692DB482-EB2E-4F3E-B4B0-13A6DEE25A6A}.Release|Any CPU.Build.0 = Release|Any CPU
		{7436894E-9F27-4A67-9AB5-51A4E8F7F60E}.Debug|Any CPU.ActiveCfg = Debug|Any CPU
		{7436894E-9F27-4A67-9AB5-51A4E8F7F60E}.Debug|Any CPU.Build.0 = Debug|Any CPU
		{7436894E-9F27-4A67-9AB5-51A4E8F7F60E}.Release|Any CPU.ActiveCfg = Release|Any CPU
		{7436894E-9F27-4A67-9AB5-51A4E8F7F60E}.Release|Any CPU.Build.0 = Release|Any CPU
		{B1791C9D-D9D9-4E44-B228-4325FBE8C931}.Debug|Any CPU.ActiveCfg = Debug|Any CPU
		{B1791C9D-D9D9-4E44-B228-4325FBE8C931}.Debug|Any CPU.Build.0 = Debug|Any CPU
		{B1791C9D-D9D9-4E44-B228-4325FBE8C931}.Release|Any CPU.ActiveCfg = Release|Any CPU
		{B1791C9D-D9D9-4E44-B228-4325FBE8C931}.Release|Any CPU.Build.0 = Release|Any CPU
	EndGlobalSection
	GlobalSection(SolutionProperties) = preSolution
		HideSolutionNode = FALSE
	EndGlobalSection
EndGlobal
